
Microsoft Visual Studio Solution File, Format Version 12.00
# Visual Studio Version 17
VisualStudioVersion = 17.0.31903.59
MinimumVisualStudioVersion = 10.0.40219.1
Project("{FAE04EC0-301F-11D3-BF4B-00C04F79EFBC}") = "OutlookMcp.Contracts", "src\OutlookMcp.Contracts\OutlookMcp.Contracts.csproj", "{A56D9B30-64E3-4A50-AB1F-C5DA7075BE7D}"
EndProject
Project("{FAE04EC0-301F-11D3-BF4B-00C04F79EFBC}") = "OutlookMcp.Application", "src\OutlookMcp.Application\OutlookMcp.Application.csproj", "{8437C53B-E602-47B7-9EAE-F103FF1B024B}"
EndProject
Project("{FAE04EC0-301F-11D3-BF4B-00C04F79EFBC}") = "OutlookMcp.OutlookInterop", "src\OutlookMcp.OutlookInterop\OutlookMcp.OutlookInterop.csproj", "{D127B709-86B8-4797-8559-C4552D029672}"
EndProject
Project("{FAE04EC0-301F-11D3-BF4B-00C04F79EFBC}") = "OutlookMcp.Server", "src\OutlookMcp.Server\OutlookMcp.Server.csproj", "{675A4699-2639-4720-8C6B-B6786322EC86}"
EndProject
Project("{FAE04EC0-301F-11D3-BF4B-00C04F79EFBC}") = "OutlookMcp.UnitTests", "tests\OutlookMcp.UnitTests\OutlookMcp.UnitTests.csproj", "{A2C35C96-2105-4690-BC79-E5F3D68CF26E}"
EndProject
Project("{FAE04EC0-301F-11D3-BF4B-00C04F79EFBC}") = "OutlookMcp.IntegrationTests", "tests\OutlookMcp.IntegrationTests\OutlookMcp.IntegrationTests.csproj", "{E0D14959-86C2-4093-84B2-E3BB99087209}"
EndProject
Global
	GlobalSection(SolutionConfigurationPlatforms) = preSolution
		Debug|Any CPU = Debug|Any CPU
		Release|Any CPU = Release|Any CPU
	EndGlobalSection
	GlobalSection(ProjectConfigurationPlatforms) = postSolution
		{A56D9B30-64E3-4A50-AB1F-C5DA7075BE7D}.Debug|Any CPU.ActiveCfg = Debug|Any CPU
		{A56D9B30-64E3-4A50-AB1F-C5DA7075BE7D}.Debug|Any CPU.Build.0 = Debug|Any CPU
		{A56D9B30-64E3-4A50-AB1F-C5DA7075BE7D}.Release|Any CPU.ActiveCfg = Release|Any CPU
		{A56D9B30-64E3-4A50-AB1F-C5DA7075BE7D}.Release|Any CPU.Build.0 = Release|Any CPU
		{8437C53B-E602-47B7-9EAE-F103FF1B024B}.Debug|Any CPU.ActiveCfg = Debug|Any CPU
		{8437C53B-E602-47B7-9EAE-F103FF1B024B}.Debug|Any CPU.Build.0 = Debug|Any CPU
		{8437C53B-E602-47B7-9EAE-F103FF1B024B}.Release|Any CPU.ActiveCfg = Release|Any CPU
		{8437C53B-E602-47B7-9EAE-F103FF1B024B}.Release|Any CPU.Build.0 = Release|Any CPU
		{D127B709-86B8-4797-8559-C4552D029672}.Debug|Any CPU.ActiveCfg = Debug|Any CPU
		{D127B709-86B8-4797-8559-C4552D029672}.Debug|Any CPU.Build.0 = Debug|Any CPU
		{D127B709-86B8-4797-8559-C4552D029672}.Release|Any CPU.ActiveCfg = Release|Any CPU
		{D127B709-86B8-4797-8559-C4552D029672}.Release|Any CPU.Build.0 = Release|Any CPU
		{675A4699-2639-4720-8C6B-B6786322EC86}.Debug|Any CPU.ActiveCfg = Debug|Any CPU
		{675A4699-2639-4720-8C6B-B6786322EC86}.Debug|Any CPU.Build.0 = Debug|Any CPU
		{675A4699-2639-4720-8C6B-B6786322EC86}.Release|Any CPU.ActiveCfg = Release|Any CPU
		{675A4699-2639-4720-8C6B-B6786322EC86}.Release|Any CPU.Build.0 = Release|Any CPU
		{A2C35C96-2105-4690-BC79-E5F3D68CF26E}.Debug|Any CPU.ActiveCfg = Debug|Any CPU
		{A2C35C96-2105-4690-BC79-E5F3D68CF26E}.Debug|Any CPU.Build.0 = Debug|Any CPU
		{A2C35C96-2105-4690-BC79-E5F3D68CF26E}.Release|Any CPU.ActiveCfg = Release|Any CPU
		{A2C35C96-2105-4690-BC79-E5F3D68CF26E}.Release|Any CPU.Build.0 = Release|Any CPU
		{E0D14959-86C2-4093-84B2-E3BB99087209}.Debug|Any CPU.ActiveCfg = Debug|Any CPU
		{E0D14959-86C2-4093-84B2-E3BB99087209}.Debug|Any CPU.Build.0 = Debug|Any CPU
		{E0D14959-86C2-4093-84B2-E3BB99087209}.Release|Any CPU.ActiveCfg = Release|Any CPU
		{E0D14959-86C2-4093-84B2-E3BB99087209}.Release|Any CPU.Build.0 = Release|Any CPU
	EndGlobalSection
EndGlobal
